{
    "_readme": [
        "This file locks the dependencies of your project to a known state",
        "Read more about it at http://getcomposer.org/doc/01-basic-usage.md#composer-lock-the-lock-file",
        "This file is @generated automatically"
    ],
    "hash": "3783d51208b75e4f39654270b9f802c5",
    "packages": [
        {
            "name": "netcarver/textile",
            "version": "dev-master",
            "source": {
                "type": "git",
                "url": "https://github.com/textile/php-textile.git",
                "reference": "a6d19cbaf2bd47eb2df460f6f9438ddeacd7e7f6"
            },
            "dist": {
                "type": "zip",
                "url": "https://api.github.com/repos/textile/php-textile/zipball/a6d19cbaf2bd47eb2df460f6f9438ddeacd7e7f6",
                "reference": "a6d19cbaf2bd47eb2df460f6f9438ddeacd7e7f6",
                "shasum": ""
            },
            "require": {
                "php": ">=5.3.0"
            },
            "require-dev": {
                "phpunit/phpunit": "3.7.*",
                "satooshi/php-coveralls": "0.6.*",
                "squizlabs/php_codesniffer": "1.5.*",
                "symfony/yaml": "2.4.*"
            },
            "type": "library",
            "extra": {
                "branch-alias": {
                    "dev-master": "3.6-dev"
                }
            },
            "autoload": {
                "psr-0": {
                    "Netcarver\\Textile": "src/"
                }
            },
            "notification-url": "https://packagist.org/downloads/",
            "license": [
                "BSD-3-Clause"
            ],
            "description": "Textile markup language parser",
            "homepage": "https://github.com/textile/php-textile",
            "keywords": [
                "document",
                "format",
                "html",
                "language",
                "markup",
                "parser",
                "php-textile",
                "plaintext",
                "textile"
            ],
            "time": "2014-04-16 08:17:34"
        }
    ],
    "packages-dev": [],
    "aliases": [],
    "minimum-stability": "stable",
    "stability-flags": {
        "netcarver/textile": 20
    },
    "platform": [],
    "platform-dev": []
}
